
Microsoft Visual Studio Solution File, Format Version 12.00
# Visual Studio Version 16
VisualStudioVersion = 16.0.31729.503
MinimumVisualStudioVersion = 10.0.40219.1
Project("{FAE04EC0-301F-11D3-BF4B-00C04F79EFBC}") = "SampleCS", "SampleCS\SampleCS.csproj", "{F65B0145-23D7-4A43-9053-EDE227C7D48B}"
EndProject
Global
	GlobalSection(SolutionConfigurationPlatforms) = preSolution
		Debug|Any CPU = Debug|Any CPU
		Release|Any CPU = Release|Any CPU
	EndGlobalSection
	GlobalSection(ProjectConfigurationPlatforms) = postSolution
		{F65B0145-23D7-4A43-9053-EDE227C7D48B}.Debug|Any CPU.ActiveCfg = Debug|Any CPU
		{F65B0145-23D7-4A43-9053-EDE227C7D48B}.Debug|Any CPU.Build.0 = Debug|Any CPU
		{F65B0145-23D7-4A43-9053-EDE227C7D48B}.Release|Any CPU.ActiveCfg = Release|Any CPU
		{F65B0145-23D7-4A43-9053-EDE227C7D48B}.Release|Any CPU.Build.0 = Release|Any CPU
	EndGlobalSection
	GlobalSection(SolutionProperties) = preSolution
		HideSolutionNode = FALSE
	EndGlobalSection
	GlobalSection(ExtensibilityGlobals) = postSolution
		SolutionGuid = {8E4BC47D-4B67-4556-9D1A-81330A894D00}
	EndGlobalSection
EndGlobal
