
Microsoft Visual Studio Solution File, Format Version 12.00
# Visual Studio Version 16
VisualStudioVersion = 16.0.31729.503
MinimumVisualStudioVersion = 10.0.40219.1
Project("{FAE04EC0-301F-11D3-BF4B-00C04F79EFBC}") = "Day05", "Day05\Day05.csproj", "{DBCC76B7-64FB-4B8F-A874-58C80D6F045B}"
EndProject
Global
	GlobalSection(SolutionConfigurationPlatforms) = preSolution
		Debug|Any CPU = Debug|Any CPU
		Release|Any CPU = Release|Any CPU
	EndGlobalSection
	GlobalSection(ProjectConfigurationPlatforms) = postSolution
		{DBCC76B7-64FB-4B8F-A874-58C80D6F045B}.Debug|Any CPU.ActiveCfg = Debug|Any CPU
		{DBCC76B7-64FB-4B8F-A874-58C80D6F045B}.Debug|Any CPU.Build.0 = Debug|Any CPU
		{DBCC76B7-64FB-4B8F-A874-58C80D6F045B}.Release|Any CPU.ActiveCfg = Release|Any CPU
		{DBCC76B7-64FB-4B8F-A874-58C80D6F045B}.Release|Any CPU.Build.0 = Release|Any CPU
	EndGlobalSection
	GlobalSection(SolutionProperties) = preSolution
		HideSolutionNode = FALSE
	EndGlobalSection
	GlobalSection(ExtensibilityGlobals) = postSolution
		SolutionGuid = {8D0E7487-B317-4ABF-9E73-23B6394D3799}
	EndGlobalSection
EndGlobal
